github.com/ScriptTiger/kanziSFX v0.0.0-20260628092125-19aadb03ea24 h1:0NdDyqK37OHEyAaquXGC+qUuYHzRHsPPAXKbo0uX4CY=
github.com/ScriptTiger/kanziSFX v0.0.0-20260628092125-19aadb03ea24/go.mod h1:WGtW7OOu4oR42HLgY1zILYjtI4Z8H/xV/+89uptT4XM=
github.com/flanglet/kanzi-go/v2 v2.5.1 h1:RkZDODUfRWReysvUQD0vdJGQbpNtZPnlAZlW61yhMAI=
github.com/flanglet/kanzi-go/v2 v2.5.1/go.mod h1:dONaJD4uGPR6MHaHsb8Eg5KBsHUQ2CR/Yxj3jZyIPYw=
