github.com/ScriptTiger/kanziSFX v0.0.0-20251208111115-434f95a95ccb h1:i8+GsgdRYB0SFvhTc0P3CX15lTTy4Vm5rwbbyRxQLsw=
github.com/ScriptTiger/kanziSFX v0.0.0-20251208111115-434f95a95ccb/go.mod h1:K384ImoA4qHwlgYSiWqPX1DT6P8M8VlLF4GksoGd44Q=
github.com/flanglet/kanzi-go/v2 v2.4.0 h1:CFYcqeM5djhVXd1/Rn1VmwP4e7ovKgdJTh9V5lkm0FI=
github.com/flanglet/kanzi-go/v2 v2.4.0/go.mod h1:11DfrNICimOP1RWO0SO/PkC3iAPIVXPYtJHf70+8fjQ=
